<Solution>
  <Folder Name="/src/">
    <Project Path="src/JsonPlaceholder.Api/JsonPlaceholder.Api.csproj" />
    <Project Path="src/JsonPlaceholder.Core/JsonPlaceholder.Core.csproj" />
    <Project Path="src/JsonPlaceholder.DataAccess/JsonPlaceholder.DataAccess.csproj" />
  </Folder>
  <Folder Name="/test/">
    <Project Path="test/JsonPlaceholder.Api.Tests/JsonPlaceholder.Api.Tests.csproj" />
    <Project Path="test/JsonPlaceholder.DataAccess.Tests/JsonPlaceholder.DataAccess.Tests.csproj" />
  </Folder>
</Solution>
